
Microsoft Visual Studio Solution File, Format Version 12.00
# Visual Studio Version 17
VisualStudioVersion = 17.11.35431.28
MinimumVisualStudioVersion = 10.0.40219.1
Project("{2150E333-8FDC-42A3-9474-1A3956D46DE8}") = "Models", "Models", "{C3E59411-B00C-4913-969F-3250EDE11699}"
	ProjectSection(SolutionItems) = preProject
		Models\yolo11n-cls.onnx = Models\yolo11n-cls.onnx
		Models\yolo11n-obb.onnx = Models\yolo11n-obb.onnx
		Models\yolo11n-pose.onnx = Models\yolo11n-pose.onnx
		Models\yolo11n-seg.onnx = Models\yolo11n-seg.onnx
		Models\yolo11n.onnx = Models\yolo11n.onnx
		Models\yolov10s.onnx = Models\yolov10s.onnx
		Models\yolov11s-cls.onnx = Models\yolov11s-cls.onnx
		Models\yolov11s-obb.onnx = Models\yolov11s-obb.onnx
		Models\yolov11s-pose.onnx = Models\yolov11s-pose.onnx
		Models\yolov11s-seg.onnx = Models\yolov11s-seg.onnx
		Models\yolov11s.onnx = Models\yolov11s.onnx
		Models\yolov8n-cls-uint8.onnx = Models\yolov8n-cls-uint8.onnx
		Models\yolov8n-pose-uint8.onnx = Models\yolov8n-pose-uint8.onnx
		Models\yolov8n-seg-uint8.onnx = Models\yolov8n-seg-uint8.onnx
		Models\yolov8n-uint8.onnx = Models\yolov8n-uint8.onnx
		Models\yolov8n.onnx = Models\yolov8n.onnx
		Models\yolov8s-cls.onnx = Models\yolov8s-cls.onnx
		Models\yolov8s-obb.onnx = Models\yolov8s-obb.onnx
		Models\yolov8s-pose.onnx = Models\yolov8s-pose.onnx
		Models\yolov8s-seg.onnx = Models\yolov8s-seg.onnx
		Models\yolov8s.onnx = Models\yolov8s.onnx
		Models\yolov9s.onnx = Models\yolov9s.onnx
	EndProjectSection
EndProject
Project("{FAE04EC0-301F-11D3-BF4B-00C04F79EFBC}") = "YoloDotNetHTTPCamera", "YoloDotNetHTTPCamera\YoloDotNetHTTPCamera.csproj", "{17B89F1C-576B-445B-B531-08C323992AD2}"
EndProject
Project("{FAE04EC0-301F-11D3-BF4B-00C04F79EFBC}") = "YoloSharp", "YoloSharp\Source\YoloSharp\YoloSharp.csproj", "{90E7E11F-6CFB-4344-8ABA-B0F56267397C}"
EndProject
Project("{FAE04EC0-301F-11D3-BF4B-00C04F79EFBC}") = "YoloSharpHTTPCamera", "YoloSharpHTTPCamera\YoloSharpHTTPCamera.csproj", "{15C0F50F-ECD3-492F-B9F6-1E1BE684CB73}"
EndProject
Project("{FAE04EC0-301F-11D3-BF4B-00C04F79EFBC}") = "YoloV8", "YoloV8\Source\YoloV8\YoloV8.csproj", "{ED9BD016-8083-421E-A308-0ED51E5EF40C}"
EndProject
Project("{FAE04EC0-301F-11D3-BF4B-00C04F79EFBC}") = "YoloV8HTTPCamera", "YoloV8HTTPCamera\YoloV8HTTPCamera.csproj", "{9F333863-A7CB-4F8B-B505-2E069E674037}"
EndProject
Project("{FAE04EC0-301F-11D3-BF4B-00C04F79EFBC}") = "YoloDotNet", "YoloDotNet\YoloDotNet\YoloDotNet.csproj", "{F4199349-0945-4653-99ED-FD244F6F4806}"
EndProject
Project("{FAE04EC0-301F-11D3-BF4B-00C04F79EFBC}") = "YoloDotNetPerformance", "YoloDotNetPerformance\YoloDotNetPerformance.csproj", "{709FD79F-4D40-4854-AD30-3C58150B98A9}"
EndProject
Project("{FAE04EC0-301F-11D3-BF4B-00C04F79EFBC}") = "YoloDotNetRTSPCameraNagerVideoStream", "YoloDotNetRTSPCameraNagerVideoStream\YoloDotNetRTSPCameraNagerVideoStream.csproj", "{E0E54D38-B06C-440B-878D-C6DBC1C07909}"
EndProject
Global
	GlobalSection(SolutionConfigurationPlatforms) = preSolution
		Debug|Any CPU = Debug|Any CPU
		Release|Any CPU = Release|Any CPU
	EndGlobalSection
	GlobalSection(ProjectConfigurationPlatforms) = postSolution
		{17B89F1C-576B-445B-B531-08C323992AD2}.Debug|Any CPU.ActiveCfg = Debug|Any CPU
		{17B89F1C-576B-445B-B531-08C323992AD2}.Debug|Any CPU.Build.0 = Debug|Any CPU
		{17B89F1C-576B-445B-B531-08C323992AD2}.Release|Any CPU.ActiveCfg = Release|Any CPU
		{17B89F1C-576B-445B-B531-08C323992AD2}.Release|Any CPU.Build.0 = Release|Any CPU
		{90E7E11F-6CFB-4344-8ABA-B0F56267397C}.Debug|Any CPU.ActiveCfg = Debug|Any CPU
		{90E7E11F-6CFB-4344-8ABA-B0F56267397C}.Debug|Any CPU.Build.0 = Debug|Any CPU
		{90E7E11F-6CFB-4344-8ABA-B0F56267397C}.Release|Any CPU.ActiveCfg = Release|Any CPU
		{90E7E11F-6CFB-4344-8ABA-B0F56267397C}.Release|Any CPU.Build.0 = Release|Any CPU
		{15C0F50F-ECD3-492F-B9F6-1E1BE684CB73}.Debug|Any CPU.ActiveCfg = Debug|Any CPU
		{15C0F50F-ECD3-492F-B9F6-1E1BE684CB73}.Debug|Any CPU.Build.0 = Debug|Any CPU
		{15C0F50F-ECD3-492F-B9F6-1E1BE684CB73}.Release|Any CPU.ActiveCfg = Release|Any CPU
		{15C0F50F-ECD3-492F-B9F6-1E1BE684CB73}.Release|Any CPU.Build.0 = Release|Any CPU
		{ED9BD016-8083-421E-A308-0ED51E5EF40C}.Debug|Any CPU.ActiveCfg = Debug|Any CPU
		{ED9BD016-8083-421E-A308-0ED51E5EF40C}.Debug|Any CPU.Build.0 = Debug|Any CPU
		{ED9BD016-8083-421E-A308-0ED51E5EF40C}.Release|Any CPU.ActiveCfg = Release|Any CPU
		{ED9BD016-8083-421E-A308-0ED51E5EF40C}.Release|Any CPU.Build.0 = Release|Any CPU
		{9F333863-A7CB-4F8B-B505-2E069E674037}.Debug|Any CPU.ActiveCfg = Debug|Any CPU
		{9F333863-A7CB-4F8B-B505-2E069E674037}.Debug|Any CPU.Build.0 = Debug|Any CPU
		{9F333863-A7CB-4F8B-B505-2E069E674037}.Release|Any CPU.ActiveCfg = Release|Any CPU
		{9F333863-A7CB-4F8B-B505-2E069E674037}.Release|Any CPU.Build.0 = Release|Any CPU
		{F4199349-0945-4653-99ED-FD244F6F4806}.Debug|Any CPU.ActiveCfg = Debug|Any CPU
		{F4199349-0945-4653-99ED-FD244F6F4806}.Debug|Any CPU.Build.0 = Debug|Any CPU
		{F4199349-0945-4653-99ED-FD244F6F4806}.Release|Any CPU.ActiveCfg = Release|Any CPU
		{F4199349-0945-4653-99ED-FD244F6F4806}.Release|Any CPU.Build.0 = Release|Any CPU
		{709FD79F-4D40-4854-AD30-3C58150B98A9}.Debug|Any CPU.ActiveCfg = Debug|Any CPU
		{709FD79F-4D40-4854-AD30-3C58150B98A9}.Debug|Any CPU.Build.0 = Debug|Any CPU
		{709FD79F-4D40-4854-AD30-3C58150B98A9}.Release|Any CPU.ActiveCfg = Release|Any CPU
		{709FD79F-4D40-4854-AD30-3C58150B98A9}.Release|Any CPU.Build.0 = Release|Any CPU
		{E0E54D38-B06C-440B-878D-C6DBC1C07909}.Debug|Any CPU.ActiveCfg = Debug|Any CPU
		{E0E54D38-B06C-440B-878D-C6DBC1C07909}.Debug|Any CPU.Build.0 = Debug|Any CPU
		{E0E54D38-B06C-440B-878D-C6DBC1C07909}.Release|Any CPU.ActiveCfg = Release|Any CPU
		{E0E54D38-B06C-440B-878D-C6DBC1C07909}.Release|Any CPU.Build.0 = Release|Any CPU
	EndGlobalSection
	GlobalSection(SolutionProperties) = preSolution
		HideSolutionNode = FALSE
	EndGlobalSection
	GlobalSection(ExtensibilityGlobals) = postSolution
		SolutionGuid = {CFC80E89-BBEA-4E41-9EA9-7077AC71D5C6}
	EndGlobalSection
EndGlobal
